// !$*UTF8*$!
{
	archiveVersion = 1;
	classes = {
	};
	objectVersion = 55;
	objects = {

/* Begin PBXBuildFile section */
		15013D07276D07730020A48F /* EpisodeView.swift in Sources */ = {isa = PBXBuildFile; fileRef = 15013D06276D07730020A48F /* EpisodeView.swift */; };
		15049B74278F5ADA0007934A /* PodcastAppDeleteTests.swift in Sources */ = {isa = PBXBuildFile; fileRef = 15049B73278F5ADA0007934A /* PodcastAppDeleteTests.swift */; };
		15049B76278F5BB40007934A /* PodcastAppUpdateTests.swift in Sources */ = {isa = PBXBuildFile; fileRef = 15049B75278F5BB40007934A /* PodcastAppUpdateTests.swift */; };
		23208E132797497600C30615 /* Profile+CoreDataClass.swift in Sources */ = {isa = PBXBuildFile; fileRef = 23208E0F2797497600C30615 /* Profile+CoreDataClass.swift */; };
		23208E142797497600C30615 /* Profile+CoreDataProperties.swift in Sources */ = {isa = PBXBuildFile; fileRef = 23208E102797497600C30615 /* Profile+CoreDataProperties.swift */; };
		2343C00D276A5D7800C3A3EE /* ScriptInputSpecificInfoView.swift in Sources */ = {isa = PBXBuildFile; fileRef = 2343C00A276A5D7800C3A3EE /* ScriptInputSpecificInfoView.swift */; };
		2343C00E276A5D7800C3A3EE /* ScriptFormatView.swift in Sources */ = {isa = PBXBuildFile; fileRef = 2343C00B276A5D7800C3A3EE /* ScriptFormatView.swift */; };
		2343C00F276A5D7800C3A3EE /* ScriptInputInfosView.swift in Sources */ = {isa = PBXBuildFile; fileRef = 2343C00C276A5D7800C3A3EE /* ScriptInputInfosView.swift */; };
		2343C018276A604C00C3A3EE /* Episode+CoreDataClass.swift in Sources */ = {isa = PBXBuildFile; fileRef = 2343C012276A604C00C3A3EE /* Episode+CoreDataClass.swift */; };
		2343C019276A604C00C3A3EE /* Episode+CoreDataProperties.swift in Sources */ = {isa = PBXBuildFile; fileRef = 2343C013276A604C00C3A3EE /* Episode+CoreDataProperties.swift */; };
		2343C01A276A604C00C3A3EE /* Script+CoreDataClass.swift in Sources */ = {isa = PBXBuildFile; fileRef = 2343C014276A604C00C3A3EE /* Script+CoreDataClass.swift */; };
		2343C01B276A604C00C3A3EE /* Script+CoreDataProperties.swift in Sources */ = {isa = PBXBuildFile; fileRef = 2343C015276A604C00C3A3EE /* Script+CoreDataProperties.swift */; };
		2343C022276BC2E400C3A3EE /* CustomAlertView.swift in Sources */ = {isa = PBXBuildFile; fileRef = 2343C021276BC2E400C3A3EE /* CustomAlertView.swift */; };
		2343C025276CBD5000C3A3EE /* View+CornerRadius.swift in Sources */ = {isa = PBXBuildFile; fileRef = 2343C024276CBD5000C3A3EE /* View+CornerRadius.swift */; };
		2343C027276CC06E00C3A3EE /* UserProfileView.swift in Sources */ = {isa = PBXBuildFile; fileRef = 2343C026276CC06E00C3A3EE /* UserProfileView.swift */; };
		234661932791F8E00032B728 /* TopicView.swift in Sources */ = {isa = PBXBuildFile; fileRef = 234661922791F8E00032B728 /* TopicView.swift */; };
		2350266C2799F7AC00D14BC2 /* Notification+CoreDataClass.swift in Sources */ = {isa = PBXBuildFile; fileRef = 235026682799F7AC00D14BC2 /* Notification+CoreDataClass.swift */; };
		2350266D2799F7AC00D14BC2 /* Notification+CoreDataProperties.swift in Sources */ = {isa = PBXBuildFile; fileRef = 235026692799F7AC00D14BC2 /* Notification+CoreDataProperties.swift */; };
		2350266E2799F7AC00D14BC2 /* WeekDay+CoreDataClass.swift in Sources */ = {isa = PBXBuildFile; fileRef = 2350266A2799F7AC00D14BC2 /* WeekDay+CoreDataClass.swift */; };
		2350266F2799F7AC00D14BC2 /* WeekDay+CoreDataProperties.swift in Sources */ = {isa = PBXBuildFile; fileRef = 2350266B2799F7AC00D14BC2 /* WeekDay+CoreDataProperties.swift */; };
		235026752799F8F900D14BC2 /* NotificationManager.swift in Sources */ = {isa = PBXBuildFile; fileRef = 235026742799F8F900D14BC2 /* NotificationManager.swift */; };
		235413DA27909B8100235B7F /* Topic+CoreDataClass.swift in Sources */ = {isa = PBXBuildFile; fileRef = 235413D827909B8100235B7F /* Topic+CoreDataClass.swift */; };
		235413DB27909B8100235B7F /* Topic+CoreDataProperties.swift in Sources */ = {isa = PBXBuildFile; fileRef = 235413D927909B8100235B7F /* Topic+CoreDataProperties.swift */; };
		235413DF2790A65000235B7F /* EpisodeViewModel.swift in Sources */ = {isa = PBXBuildFile; fileRef = 235413DE2790A65000235B7F /* EpisodeViewModel.swift */; };
		23975110276D171F0055AE41 /* HomeViewModel.swift in Sources */ = {isa = PBXBuildFile; fileRef = 2397510F276D171E0055AE41 /* HomeViewModel.swift */; };
		23D8AC9D27A3225200DF1298 /* ConfigViewModel.swift in Sources */ = {isa = PBXBuildFile; fileRef = 23D8AC9C27A3225200DF1298 /* ConfigViewModel.swift */; };
		23DD3B5C2790B401002241F1 /* ModelableProtocol.swift in Sources */ = {isa = PBXBuildFile; fileRef = 23DD3B5B2790B401002241F1 /* ModelableProtocol.swift */; };
		23E25CC3278630470082038B /* Enums.swift in Sources */ = {isa = PBXBuildFile; fileRef = 23E25CC2278630460082038B /* Enums.swift */; };
		23E25CC52788A03B0082038B /* NewEpisodeViewModel.swift in Sources */ = {isa = PBXBuildFile; fileRef = 23E25CC42788A03B0082038B /* NewEpisodeViewModel.swift */; };
		367C7C6427974BDA0003E271 /* ConfigView.swift in Sources */ = {isa = PBXBuildFile; fileRef = 367C7C6327974BDA0003E271 /* ConfigView.swift */; };
		367C7C6627974F2F0003E271 /* ConfigViewNotification.swift in Sources */ = {isa = PBXBuildFile; fileRef = 367C7C6527974F2F0003E271 /* ConfigViewNotification.swift */; };
		36FCCF2927989B1400AE59FA /* ConfigViewAllNotifications.swift in Sources */ = {isa = PBXBuildFile; fileRef = 36FCCF2827989B1400AE59FA /* ConfigViewAllNotifications.swift */; };
		CD25E00A276D04F2003012C6 /* NewEpisodeView.swift in Sources */ = {isa = PBXBuildFile; fileRef = CD25E009276D04F2003012C6 /* NewEpisodeView.swift */; };
		CD2864A12767E7AF00D17C47 /* CardsEpsView.swift in Sources */ = {isa = PBXBuildFile; fileRef = CD2864A02767E7AF00D17C47 /* CardsEpsView.swift */; };
		CD2864A72769161C00D17C47 /* Colors.xcassets in Resources */ = {isa = PBXBuildFile; fileRef = CD2864A62769161C00D17C47 /* Colors.xcassets */; };
		CD4C613E27861DCC00FF04AC /* Searchbar.swift in Sources */ = {isa = PBXBuildFile; fileRef = CD4C613D27861DCC00FF04AC /* Searchbar.swift */; };
		CD4C61412787676500FF04AC /* RoadMapView.swift in Sources */ = {isa = PBXBuildFile; fileRef = CD4C61402787676500FF04AC /* RoadMapView.swift */; };
		CD8060802799E941008B3C19 /* StatesOfPodcast.swift in Sources */ = {isa = PBXBuildFile; fileRef = CD80607F2799E941008B3C19 /* StatesOfPodcast.swift */; };
		CDA0430A27629B090020AF33 /* PodcastApp.swift in Sources */ = {isa = PBXBuildFile; fileRef = CDA0430927629B090020AF33 /* PodcastApp.swift */; };
		CDA0430C27629B090020AF33 /* HomeView.swift in Sources */ = {isa = PBXBuildFile; fileRef = CDA0430B27629B090020AF33 /* HomeView.swift */; };
		CDA0430E27629B0B0020AF33 /* Assets.xcassets in Resources */ = {isa = PBXBuildFile; fileRef = CDA0430D27629B0B0020AF33 /* Assets.xcassets */; };
		CDA0431127629B0B0020AF33 /* Preview Assets.xcassets in Resources */ = {isa = PBXBuildFile; fileRef = CDA0431027629B0B0020AF33 /* Preview Assets.xcassets */; };
		CDA0431327629B0B0020AF33 /* Persistence.swift in Sources */ = {isa = PBXBuildFile; fileRef = CDA0431227629B0B0020AF33 /* Persistence.swift */; };
		CDA0431627629B0B0020AF33 /* PodcastApp.xcdatamodeld in Sources */ = {isa = PBXBuildFile; fileRef = CDA0431427629B0B0020AF33 /* PodcastApp.xcdatamodeld */; };
		CDA0432027629B0B0020AF33 /* PodcastAppCreateTests.swift in Sources */ = {isa = PBXBuildFile; fileRef = CDA0431F27629B0B0020AF33 /* PodcastAppCreateTests.swift */; };
		CDA0432A27629B0B0020AF33 /* PodcastAppUITests.swift in Sources */ = {isa = PBXBuildFile; fileRef = CDA0432927629B0B0020AF33 /* PodcastAppUITests.swift */; };
		CDA0432C27629B0B0020AF33 /* PodcastAppUITestsLaunchTests.swift in Sources */ = {isa = PBXBuildFile; fileRef = CDA0432B27629B0B0020AF33 /* PodcastAppUITestsLaunchTests.swift */; };
		CDB469F62769257900752468 /* ProgressBarView.swift in Sources */ = {isa = PBXBuildFile; fileRef = CDB469F52769257900752468 /* ProgressBarView.swift */; };
/* End PBXBuildFile section */

/* Begin PBXContainerItemProxy section */
		CDA0431C27629B0B0020AF33 /* PBXContainerItemProxy */ = {
			isa = PBXContainerItemProxy;
			containerPortal = CDA042FE27629B090020AF33 /* Project object */;
			proxyType = 1;
			remoteGlobalIDString = CDA0430527629B090020AF33;
			remoteInfo = PodcastApp;
		};
		CDA0432627629B0B0020AF33 /* PBXContainerItemProxy */ = {
			isa = PBXContainerItemProxy;
			containerPortal = CDA042FE27629B090020AF33 /* Project object */;
			proxyType = 1;
			remoteGlobalIDString = CDA0430527629B090020AF33;
			remoteInfo = PodcastApp;
		};
/* End PBXContainerItemProxy section */

/* Begin PBXFileReference section */
		15013D06276D07730020A48F /* EpisodeView.swift */ = {isa = PBXFileReference; lastKnownFileType = sourcecode.swift; path = EpisodeView.swift; sourceTree = "<group>"; };
		15049B73278F5ADA0007934A /* PodcastAppDeleteTests.swift */ = {isa = PBXFileReference; lastKnownFileType = sourcecode.swift; path = PodcastAppDeleteTests.swift; sourceTree = "<group>"; };
		15049B75278F5BB40007934A /* PodcastAppUpdateTests.swift */ = {isa = PBXFileReference; lastKnownFileType = sourcecode.swift; path = PodcastAppUpdateTests.swift; sourceTree = "<group>"; };
		23208E0F2797497600C30615 /* Profile+CoreDataClass.swift */ = {isa = PBXFileReference; lastKnownFileType = sourcecode.swift; path = "Profile+CoreDataClass.swift"; sourceTree = "<group>"; };
		23208E102797497600C30615 /* Profile+CoreDataProperties.swift */ = {isa = PBXFileReference; lastKnownFileType = sourcecode.swift; path = "Profile+CoreDataProperties.swift"; sourceTree = "<group>"; };
		2343C00A276A5D7800C3A3EE /* ScriptInputSpecificInfoView.swift */ = {isa = PBXFileReference; fileEncoding = 4; lastKnownFileType = sourcecode.swift; path = ScriptInputSpecificInfoView.swift; sourceTree = "<group>"; };
		2343C00B276A5D7800C3A3EE /* ScriptFormatView.swift */ = {isa = PBXFileReference; fileEncoding = 4; lastKnownFileType = sourcecode.swift; path = ScriptFormatView.swift; sourceTree = "<group>"; };
		2343C00C276A5D7800C3A3EE /* ScriptInputInfosView.swift */ = {isa = PBXFileReference; fileEncoding = 4; lastKnownFileType = sourcecode.swift; path = ScriptInputInfosView.swift; sourceTree = "<group>"; };
		2343C012276A604C00C3A3EE /* Episode+CoreDataClass.swift */ = {isa = PBXFileReference; lastKnownFileType = sourcecode.swift; path = "Episode+CoreDataClass.swift"; sourceTree = "<group>"; };
		2343C013276A604C00C3A3EE /* Episode+CoreDataProperties.swift */ = {isa = PBXFileReference; lastKnownFileType = sourcecode.swift; path = "Episode+CoreDataProperties.swift"; sourceTree = "<group>"; };
		2343C014276A604C00C3A3EE /* Script+CoreDataClass.swift */ = {isa = PBXFileReference; lastKnownFileType = sourcecode.swift; path = "Script+CoreDataClass.swift"; sourceTree = "<group>"; };
		2343C015276A604C00C3A3EE /* Script+CoreDataProperties.swift */ = {isa = PBXFileReference; lastKnownFileType = sourcecode.swift; path = "Script+CoreDataProperties.swift"; sourceTree = "<group>"; };
		2343C021276BC2E400C3A3EE /* CustomAlertView.swift */ = {isa = PBXFileReference; lastKnownFileType = sourcecode.swift; path = CustomAlertView.swift; sourceTree = "<group>"; };
		2343C024276CBD5000C3A3EE /* View+CornerRadius.swift */ = {isa = PBXFileReference; lastKnownFileType = sourcecode.swift; path = "View+CornerRadius.swift"; sourceTree = "<group>"; };
		2343C026276CC06E00C3A3EE /* UserProfileView.swift */ = {isa = PBXFileReference; lastKnownFileType = sourcecode.swift; path = UserProfileView.swift; sourceTree = "<group>"; };
		234661922791F8E00032B728 /* TopicView.swift */ = {isa = PBXFileReference; lastKnownFileType = sourcecode.swift; path = TopicView.swift; sourceTree = "<group>"; };
		235026682799F7AC00D14BC2 /* Notification+CoreDataClass.swift */ = {isa = PBXFileReference; lastKnownFileType = sourcecode.swift; path = "Notification+CoreDataClass.swift"; sourceTree = "<group>"; };
		235026692799F7AC00D14BC2 /* Notification+CoreDataProperties.swift */ = {isa = PBXFileReference; lastKnownFileType = sourcecode.swift; path = "Notification+CoreDataProperties.swift"; sourceTree = "<group>"; };
		2350266A2799F7AC00D14BC2 /* WeekDay+CoreDataClass.swift */ = {isa = PBXFileReference; lastKnownFileType = sourcecode.swift; path = "WeekDay+CoreDataClass.swift"; sourceTree = "<group>"; };
		2350266B2799F7AC00D14BC2 /* WeekDay+CoreDataProperties.swift */ = {isa = PBXFileReference; lastKnownFileType = sourcecode.swift; path = "WeekDay+CoreDataProperties.swift"; sourceTree = "<group>"; };
		235026742799F8F900D14BC2 /* NotificationManager.swift */ = {isa = PBXFileReference; lastKnownFileType = sourcecode.swift; path = NotificationManager.swift; sourceTree = "<group>"; };
		235413D827909B8100235B7F /* Topic+CoreDataClass.swift */ = {isa = PBXFileReference; lastKnownFileType = sourcecode.swift; path = "Topic+CoreDataClass.swift"; sourceTree = "<group>"; };
		235413D927909B8100235B7F /* Topic+CoreDataProperties.swift */ = {isa = PBXFileReference; lastKnownFileType = sourcecode.swift; path = "Topic+CoreDataProperties.swift"; sourceTree = "<group>"; };
		235413DE2790A65000235B7F /* EpisodeViewModel.swift */ = {isa = PBXFileReference; lastKnownFileType = sourcecode.swift; path = EpisodeViewModel.swift; sourceTree = "<group>"; };
		2397510F276D171E0055AE41 /* HomeViewModel.swift */ = {isa = PBXFileReference; lastKnownFileType = sourcecode.swift; path = HomeViewModel.swift; sourceTree = "<group>"; };
		23D8AC9C27A3225200DF1298 /* ConfigViewModel.swift */ = {isa = PBXFileReference; lastKnownFileType = sourcecode.swift; path = ConfigViewModel.swift; sourceTree = "<group>"; };
		23DD3B5B2790B401002241F1 /* ModelableProtocol.swift */ = {isa = PBXFileReference; lastKnownFileType = sourcecode.swift; path = ModelableProtocol.swift; sourceTree = "<group>"; };
		23E25CC2278630460082038B /* Enums.swift */ = {isa = PBXFileReference; lastKnownFileType = sourcecode.swift; path = Enums.swift; sourceTree = "<group>"; };
		23E25CC42788A03B0082038B /* NewEpisodeViewModel.swift */ = {isa = PBXFileReference; lastKnownFileType = sourcecode.swift; path = NewEpisodeViewModel.swift; sourceTree = "<group>"; };
		367C7C6327974BDA0003E271 /* ConfigView.swift */ = {isa = PBXFileReference; lastKnownFileType = sourcecode.swift; path = ConfigView.swift; sourceTree = "<group>"; };
		367C7C6527974F2F0003E271 /* ConfigViewNotification.swift */ = {isa = PBXFileReference; lastKnownFileType = sourcecode.swift; path = ConfigViewNotification.swift; sourceTree = "<group>"; };
		36FCCF2827989B1400AE59FA /* ConfigViewAllNotifications.swift */ = {isa = PBXFileReference; lastKnownFileType = sourcecode.swift; path = ConfigViewAllNotifications.swift; sourceTree = "<group>"; };
		CD25E009276D04F2003012C6 /* NewEpisodeView.swift */ = {isa = PBXFileReference; lastKnownFileType = sourcecode.swift; path = NewEpisodeView.swift; sourceTree = "<group>"; };
		CD2864A02767E7AF00D17C47 /* CardsEpsView.swift */ = {isa = PBXFileReference; lastKnownFileType = sourcecode.swift; path = CardsEpsView.swift; sourceTree = "<group>"; };
		CD2864A62769161C00D17C47 /* Colors.xcassets */ = {isa = PBXFileReference; lastKnownFileType = folder.assetcatalog; path = Colors.xcassets; sourceTree = "<group>"; };
		CD4C613D27861DCC00FF04AC /* Searchbar.swift */ = {isa = PBXFileReference; lastKnownFileType = sourcecode.swift; path = Searchbar.swift; sourceTree = "<group>"; };
		CD4C61402787676500FF04AC /* RoadMapView.swift */ = {isa = PBXFileReference; lastKnownFileType = sourcecode.swift; path = RoadMapView.swift; sourceTree = "<group>"; };
		CD80607F2799E941008B3C19 /* StatesOfPodcast.swift */ = {isa = PBXFileReference; lastKnownFileType = sourcecode.swift; path = StatesOfPodcast.swift; sourceTree = "<group>"; };
		CDA0430627629B090020AF33 /* PodcastApp.app */ = {isa = PBXFileReference; explicitFileType = wrapper.application; includeInIndex = 0; path = PodcastApp.app; sourceTree = BUILT_PRODUCTS_DIR; };
		CDA0430927629B090020AF33 /* PodcastApp.swift */ = {isa = PBXFileReference; lastKnownFileType = sourcecode.swift; path = PodcastApp.swift; sourceTree = "<group>"; };
		CDA0430B27629B090020AF33 /* HomeView.swift */ = {isa = PBXFileReference; lastKnownFileType = sourcecode.swift; path = HomeView.swift; sourceTree = "<group>"; };
		CDA0430D27629B0B0020AF33 /* Assets.xcassets */ = {isa = PBXFileReference; lastKnownFileType = folder.assetcatalog; path = Assets.xcassets; sourceTree = "<group>"; };
		CDA0431027629B0B0020AF33 /* Preview Assets.xcassets */ = {isa = PBXFileReference; lastKnownFileType = folder.assetcatalog; path = "Preview Assets.xcassets"; sourceTree = "<group>"; };
		CDA0431227629B0B0020AF33 /* Persistence.swift */ = {isa = PBXFileReference; lastKnownFileType = sourcecode.swift; path = Persistence.swift; sourceTree = "<group>"; };
		CDA0431527629B0B0020AF33 /* PodcastApp.xcdatamodel */ = {isa = PBXFileReference; lastKnownFileType = wrapper.xcdatamodel; path = PodcastApp.xcdatamodel; sourceTree = "<group>"; };
		CDA0431B27629B0B0020AF33 /* PodcastAppTests.xctest */ = {isa = PBXFileReference; explicitFileType = wrapper.cfbundle; includeInIndex = 0; path = PodcastAppTests.xctest; sourceTree = BUILT_PRODUCTS_DIR; };
		CDA0431F27629B0B0020AF33 /* PodcastAppCreateTests.swift */ = {isa = PBXFileReference; lastKnownFileType = sourcecode.swift; path = PodcastAppCreateTests.swift; sourceTree = "<group>"; };
		CDA0432527629B0B0020AF33 /* PodcastAppUITests.xctest */ = {isa = PBXFileReference; explicitFileType = wrapper.cfbundle; includeInIndex = 0; path = PodcastAppUITests.xctest; sourceTree = BUILT_PRODUCTS_DIR; };
		CDA0432927629B0B0020AF33 /* PodcastAppUITests.swift */ = {isa = PBXFileReference; lastKnownFileType = sourcecode.swift; path = PodcastAppUITests.swift; sourceTree = "<group>"; };
		CDA0432B27629B0B0020AF33 /* PodcastAppUITestsLaunchTests.swift */ = {isa = PBXFileReference; lastKnownFileType = sourcecode.swift; path = PodcastAppUITestsLaunchTests.swift; sourceTree = "<group>"; };
		CDB469F52769257900752468 /* ProgressBarView.swift */ = {isa = PBXFileReference; lastKnownFileType = sourcecode.swift; path = ProgressBarView.swift; sourceTree = "<group>"; };
/* End PBXFileReference section */

/* Begin PBXFrameworksBuildPhase section */
		CDA0430327629B090020AF33 /* Frameworks */ = {
			isa = PBXFrameworksBuildPhase;
			buildActionMask = 2147483647;
			files = (
			);
			runOnlyForDeploymentPostprocessing = 0;
		};
		CDA0431827629B0B0020AF33 /* Frameworks */ = {
			isa = PBXFrameworksBuildPhase;
			buildActionMask = 2147483647;
			files = (
			);
			runOnlyForDeploymentPostprocessing = 0;
		};
		CDA0432227629B0B0020AF33 /* Frameworks */ = {
			isa = PBXFrameworksBuildPhase;
			buildActionMask = 2147483647;
			files = (
			);
			runOnlyForDeploymentPostprocessing = 0;
		};
/* End PBXFrameworksBuildPhase section */

/* Begin PBXGroup section */
		15013D05276D07150020A48F /* Episode */ = {
			isa = PBXGroup;
			children = (
				15013D06276D07730020A48F /* EpisodeView.swift */,
				235413DE2790A65000235B7F /* EpisodeViewModel.swift */,
			);
			path = Episode;
			sourceTree = "<group>";
		};
		230128392763CFE0003173F4 /* View */ = {
			isa = PBXGroup;
			children = (
				CD28649F2767E6D500D17C47 /* Shared */,
				2301283B2763D004003173F4 /* Screens */,
			);
			path = View;
			sourceTree = "<group>";
		};
		2301283B2763D004003173F4 /* Screens */ = {
			isa = PBXGroup;
			children = (
				CD4C613F2787671800FF04AC /* RoadMapView */,
				15013D05276D07150020A48F /* Episode */,
				CD25E007276D04B5003012C6 /* NewEpisodeView */,
				2343C009276A5D6A00C3A3EE /* Script */,
				367C7C6227974BBC0003E271 /* Configs */,
				2301283C2763D00D003173F4 /* Home */,
			);
			path = Screens;
			sourceTree = "<group>";
		};
		2301283C2763D00D003173F4 /* Home */ = {
			isa = PBXGroup;
			children = (
				CDA0430B27629B090020AF33 /* HomeView.swift */,
				2397510F276D171E0055AE41 /* HomeViewModel.swift */,
			);
			path = Home;
			sourceTree = "<group>";
		};
		2301283D2763D01E003173F4 /* Model */ = {
			isa = PBXGroup;
			children = (
				235026732799F8DE00D14BC2 /* NotificationManager */,
				2343C01C276A605900C3A3EE /* Entities */,
				2301283F2763D039003173F4 /* CoreDataModel */,
				CDA0431227629B0B0020AF33 /* Persistence.swift */,
			);
			path = Model;
			sourceTree = "<group>";
		};
		2301283E2763D02D003173F4 /* Resources */ = {
			isa = PBXGroup;
			children = (
				CDA0430D27629B0B0020AF33 /* Assets.xcassets */,
				CD2864A62769161C00D17C47 /* Colors.xcassets */,
			);
			path = Resources;
			sourceTree = "<group>";
		};
		2301283F2763D039003173F4 /* CoreDataModel */ = {
			isa = PBXGroup;
			children = (
				CDA0431427629B0B0020AF33 /* PodcastApp.xcdatamodeld */,
			);
			path = CoreDataModel;
			sourceTree = "<group>";
		};
		23208E152797498400C30615 /* Profile */ = {
			isa = PBXGroup;
			children = (
				23208E0F2797497600C30615 /* Profile+CoreDataClass.swift */,
				23208E102797497600C30615 /* Profile+CoreDataProperties.swift */,
			);
			path = Profile;
			sourceTree = "<group>";
		};
		2343C009276A5D6A00C3A3EE /* Script */ = {
			isa = PBXGroup;
			children = (
				2343C00B276A5D7800C3A3EE /* ScriptFormatView.swift */,
				2343C00C276A5D7800C3A3EE /* ScriptInputInfosView.swift */,
				2343C00A276A5D7800C3A3EE /* ScriptInputSpecificInfoView.swift */,
			);
			path = Script;
			sourceTree = "<group>";
		};
		2343C01C276A605900C3A3EE /* Entities */ = {
			isa = PBXGroup;
			children = (
				235026722799F7CB00D14BC2 /* WeekDay */,
				235026712799F7BF00D14BC2 /* Notification */,
				23208E152797498400C30615 /* Profile */,
				2343C01F276A607400C3A3EE /* Script */,
				2343C01E276A606C00C3A3EE /* Episode */,
				2343C01D276A606000C3A3EE /* Topic */,
			);
			path = Entities;
			sourceTree = "<group>";
		};
		2343C01D276A606000C3A3EE /* Topic */ = {
			isa = PBXGroup;
			children = (
				235413D827909B8100235B7F /* Topic+CoreDataClass.swift */,
				235413D927909B8100235B7F /* Topic+CoreDataProperties.swift */,
			);
			path = Topic;
			sourceTree = "<group>";
		};
		2343C01E276A606C00C3A3EE /* Episode */ = {
			isa = PBXGroup;
			children = (
				2343C012276A604C00C3A3EE /* Episode+CoreDataClass.swift */,
				2343C013276A604C00C3A3EE /* Episode+CoreDataProperties.swift */,
			);
			path = Episode;
			sourceTree = "<group>";
		};
		2343C01F276A607400C3A3EE /* Script */ = {
			isa = PBXGroup;
			children = (
				2343C014276A604C00C3A3EE /* Script+CoreDataClass.swift */,
				2343C015276A604C00C3A3EE /* Script+CoreDataProperties.swift */,
			);
			path = Script;
			sourceTree = "<group>";
		};
		2343C023276CBD2800C3A3EE /* Extensions */ = {
			isa = PBXGroup;
			children = (
				2343C024276CBD5000C3A3EE /* View+CornerRadius.swift */,
			);
			path = Extensions;
			sourceTree = "<group>";
		};
		235026712799F7BF00D14BC2 /* Notification */ = {
			isa = PBXGroup;
			children = (
				235026682799F7AC00D14BC2 /* Notification+CoreDataClass.swift */,
				235026692799F7AC00D14BC2 /* Notification+CoreDataProperties.swift */,
			);
			path = Notification;
			sourceTree = "<group>";
		};
		235026722799F7CB00D14BC2 /* WeekDay */ = {
			isa = PBXGroup;
			children = (
				2350266A2799F7AC00D14BC2 /* WeekDay+CoreDataClass.swift */,
				2350266B2799F7AC00D14BC2 /* WeekDay+CoreDataProperties.swift */,
			);
			path = WeekDay;
			sourceTree = "<group>";
		};
		235026732799F8DE00D14BC2 /* NotificationManager */ = {
			isa = PBXGroup;
			children = (
				235026742799F8F900D14BC2 /* NotificationManager.swift */,
			);
			path = NotificationManager;
			sourceTree = "<group>";
		};
		235413D7278F6D7500235B7F /* Application */ = {
			isa = PBXGroup;
			children = (
				CDA0430927629B090020AF33 /* PodcastApp.swift */,
			);
			path = Application;
			sourceTree = "<group>";
		};
		23E25CC12786302E0082038B /* Helpers */ = {
			isa = PBXGroup;
			children = (
				23E25CC2278630460082038B /* Enums.swift */,
				23DD3B5B2790B401002241F1 /* ModelableProtocol.swift */,
			);
			path = Helpers;
			sourceTree = "<group>";
		};
		367C7C6227974BBC0003E271 /* Configs */ = {
			isa = PBXGroup;
			children = (
				367C7C6327974BDA0003E271 /* ConfigView.swift */,
				367C7C6527974F2F0003E271 /* ConfigViewNotification.swift */,
				36FCCF2827989B1400AE59FA /* ConfigViewAllNotifications.swift */,
				23D8AC9C27A3225200DF1298 /* ConfigViewModel.swift */,
			);
			path = Configs;
			sourceTree = "<group>";
		};
		CD25E007276D04B5003012C6 /* NewEpisodeView */ = {
			isa = PBXGroup;
			children = (
				CD25E009276D04F2003012C6 /* NewEpisodeView.swift */,
				23E25CC42788A03B0082038B /* NewEpisodeViewModel.swift */,
			);
			path = NewEpisodeView;
			sourceTree = "<group>";
		};
		CD28649F2767E6D500D17C47 /* Shared */ = {
			isa = PBXGroup;
			children = (
				CD2864A02767E7AF00D17C47 /* CardsEpsView.swift */,
				CD80607F2799E941008B3C19 /* StatesOfPodcast.swift */,
				CDB469F52769257900752468 /* ProgressBarView.swift */,
				2343C021276BC2E400C3A3EE /* CustomAlertView.swift */,
				2343C026276CC06E00C3A3EE /* UserProfileView.swift */,
				CD4C613D27861DCC00FF04AC /* Searchbar.swift */,
				234661922791F8E00032B728 /* TopicView.swift */,
			);
			path = Shared;
			sourceTree = "<group>";
		};
		CD4C613F2787671800FF04AC /* RoadMapView */ = {
			isa = PBXGroup;
			children = (
				CD4C61402787676500FF04AC /* RoadMapView.swift */,
			);
			path = RoadMapView;
			sourceTree = "<group>";
		};
		CDA042FD27629B090020AF33 = {
			isa = PBXGroup;
			children = (
				CDA0430827629B090020AF33 /* PodcastApp */,
				CDA0431E27629B0B0020AF33 /* PodcastAppTests */,
				CDA0432827629B0B0020AF33 /* PodcastAppUITests */,
				CDA0430727629B090020AF33 /* Products */,
			);
			sourceTree = "<group>";
		};
		CDA0430727629B090020AF33 /* Products */ = {
			isa = PBXGroup;
			children = (
				CDA0430627629B090020AF33 /* PodcastApp.app */,
				CDA0431B27629B0B0020AF33 /* PodcastAppTests.xctest */,
				CDA0432527629B0B0020AF33 /* PodcastAppUITests.xctest */,
			);
			name = Products;
			sourceTree = "<group>";
		};
		CDA0430827629B090020AF33 /* PodcastApp */ = {
			isa = PBXGroup;
			children = (
				2343C023276CBD2800C3A3EE /* Extensions */,
				235413D7278F6D7500235B7F /* Application */,
				23E25CC12786302E0082038B /* Helpers */,
				2301283E2763D02D003173F4 /* Resources */,
				2301283D2763D01E003173F4 /* Model */,
				230128392763CFE0003173F4 /* View */,
				CDA0430F27629B0B0020AF33 /* Preview Content */,
			);
			path = PodcastApp;
			sourceTree = "<group>";
		};
		CDA0430F27629B0B0020AF33 /* Preview Content */ = {
			isa = PBXGroup;
			children = (
				CDA0431027629B0B0020AF33 /* Preview Assets.xcassets */,
			);
			path = "Preview Content";
			sourceTree = "<group>";
		};
		CDA0431E27629B0B0020AF33 /* PodcastAppTests */ = {
			isa = PBXGroup;
			children = (
				CDA0431F27629B0B0020AF33 /* PodcastAppCreateTests.swift */,
				15049B73278F5ADA0007934A /* PodcastAppDeleteTests.swift */,
				15049B75278F5BB40007934A /* PodcastAppUpdateTests.swift */,
			);
			path = PodcastAppTests;
			sourceTree = "<group>";
		};
		CDA0432827629B0B0020AF33 /* PodcastAppUITests */ = {
			isa = PBXGroup;
			children = (
				CDA0432927629B0B0020AF33 /* PodcastAppUITests.swift */,
				CDA0432B27629B0B0020AF33 /* PodcastAppUITestsLaunchTests.swift */,
			);
			path = PodcastAppUITests;
			sourceTree = "<group>";
		};
/* End PBXGroup section */

/* Begin PBXNativeTarget section */
		CDA0430527629B090020AF33 /* PodcastApp */ = {
			isa = PBXNativeTarget;
			buildConfigurationList = CDA0432F27629B0B0020AF33 /* Build configuration list for PBXNativeTarget "PodcastApp" */;
			buildPhases = (
				CDA0430227629B090020AF33 /* Sources */,
				CDA0430327629B090020AF33 /* Frameworks */,
				CDA0430427629B090020AF33 /* Resources */,
			);
			buildRules = (
			);
			dependencies = (
			);
			name = PodcastApp;
			productName = PodcastApp;
			productReference = CDA0430627629B090020AF33 /* PodcastApp.app */;
			productType = "com.apple.product-type.application";
		};
		CDA0431A27629B0B0020AF33 /* PodcastAppTests */ = {
			isa = PBXNativeTarget;
			buildConfigurationList = CDA0433227629B0B0020AF33 /* Build configuration list for PBXNativeTarget "PodcastAppTests" */;
			buildPhases = (
				CDA0431727629B0B0020AF33 /* Sources */,
				CDA0431827629B0B0020AF33 /* Frameworks */,
				CDA0431927629B0B0020AF33 /* Resources */,
			);
			buildRules = (
			);
			dependencies = (
				CDA0431D27629B0B0020AF33 /* PBXTargetDependency */,
			);
			name = PodcastAppTests;
			productName = PodcastAppTests;
			productReference = CDA0431B27629B0B0020AF33 /* PodcastAppTests.xctest */;
			productType = "com.apple.product-type.bundle.unit-test";
		};
		CDA0432427629B0B0020AF33 /* PodcastAppUITests */ = {
			isa = PBXNativeTarget;
			buildConfigurationList = CDA0433527629B0B0020AF33 /* Build configuration list for PBXNativeTarget "PodcastAppUITests" */;
			buildPhases = (
				CDA0432127629B0B0020AF33 /* Sources */,
				CDA0432227629B0B0020AF33 /* Frameworks */,
				CDA0432327629B0B0020AF33 /* Resources */,
			);
			buildRules = (
			);
			dependencies = (
				CDA0432727629B0B0020AF33 /* PBXTargetDependency */,
			);
			name = PodcastAppUITests;
			productName = PodcastAppUITests;
			productReference = CDA0432527629B0B0020AF33 /* PodcastAppUITests.xctest */;
			productType = "com.apple.product-type.bundle.ui-testing";
		};
/* End PBXNativeTarget section */

/* Begin PBXProject section */
		CDA042FE27629B090020AF33 /* Project object */ = {
			isa = PBXProject;
			attributes = {
				BuildIndependentTargetsInParallel = 1;
				LastSwiftUpdateCheck = 1310;
				LastUpgradeCheck = 1310;
				TargetAttributes = {
					CDA0430527629B090020AF33 = {
						CreatedOnToolsVersion = 13.1;
					};
					CDA0431A27629B0B0020AF33 = {
						CreatedOnToolsVersion = 13.1;
						TestTargetID = CDA0430527629B090020AF33;
					};
					CDA0432427629B0B0020AF33 = {
						CreatedOnToolsVersion = 13.1;
						TestTargetID = CDA0430527629B090020AF33;
					};
				};
			};
			buildConfigurationList = CDA0430127629B090020AF33 /* Build configuration list for PBXProject "PodcastApp" */;
			compatibilityVersion = "Xcode 13.0";
			developmentRegion = en;
			hasScannedForEncodings = 0;
			knownRegions = (
				en,
				Base,
			);
			mainGroup = CDA042FD27629B090020AF33;
			productRefGroup = CDA0430727629B090020AF33 /* Products */;
			projectDirPath = "";
			projectRoot = "";
			targets = (
				CDA0430527629B090020AF33 /* PodcastApp */,
				CDA0431A27629B0B0020AF33 /* PodcastAppTests */,
				CDA0432427629B0B0020AF33 /* PodcastAppUITests */,
			);
		};
/* End PBXProject section */

/* Begin PBXResourcesBuildPhase section */
		CDA0430427629B090020AF33 /* Resources */ = {
			isa = PBXResourcesBuildPhase;
			buildActionMask = 2147483647;
			files = (
				CD2864A72769161C00D17C47 /* Colors.xcassets in Resources */,
				CDA0431127629B0B0020AF33 /* Preview Assets.xcassets in Resources */,
				CDA0430E27629B0B0020AF33 /* Assets.xcassets in Resources */,
			);
			runOnlyForDeploymentPostprocessing = 0;
		};
		CDA0431927629B0B0020AF33 /* Resources */ = {
			isa = PBXResourcesBuildPhase;
			buildActionMask = 2147483647;
			files = (
			);
			runOnlyForDeploymentPostprocessing = 0;
		};
		CDA0432327629B0B0020AF33 /* Resources */ = {
			isa = PBXResourcesBuildPhase;
			buildActionMask = 2147483647;
			files = (
			);
			runOnlyForDeploymentPostprocessing = 0;
		};
/* End PBXResourcesBuildPhase section */

/* Begin PBXSourcesBuildPhase section */
		CDA0430227629B090020AF33 /* Sources */ = {
			isa = PBXSourcesBuildPhase;
			buildActionMask = 2147483647;
			files = (
				235413DB27909B8100235B7F /* Topic+CoreDataProperties.swift in Sources */,
				23975110276D171F0055AE41 /* HomeViewModel.swift in Sources */,
				2343C022276BC2E400C3A3EE /* CustomAlertView.swift in Sources */,
				CD2864A12767E7AF00D17C47 /* CardsEpsView.swift in Sources */,
				2343C019276A604C00C3A3EE /* Episode+CoreDataProperties.swift in Sources */,
				CDA0431327629B0B0020AF33 /* Persistence.swift in Sources */,
				235026752799F8F900D14BC2 /* NotificationManager.swift in Sources */,
				2350266E2799F7AC00D14BC2 /* WeekDay+CoreDataClass.swift in Sources */,
				2343C027276CC06E00C3A3EE /* UserProfileView.swift in Sources */,
				2350266F2799F7AC00D14BC2 /* WeekDay+CoreDataProperties.swift in Sources */,
				2343C00D276A5D7800C3A3EE /* ScriptInputSpecificInfoView.swift in Sources */,
				CD4C61412787676500FF04AC /* RoadMapView.swift in Sources */,
				2343C01A276A604C00C3A3EE /* Script+CoreDataClass.swift in Sources */,
				235413DA27909B8100235B7F /* Topic+CoreDataClass.swift in Sources */,
				367C7C6427974BDA0003E271 /* ConfigView.swift in Sources */,
				23E25CC3278630470082038B /* Enums.swift in Sources */,
				23208E142797497600C30615 /* Profile+CoreDataProperties.swift in Sources */,
				2350266D2799F7AC00D14BC2 /* Notification+CoreDataProperties.swift in Sources */,
				234661932791F8E00032B728 /* TopicView.swift in Sources */,
				2343C018276A604C00C3A3EE /* Episode+CoreDataClass.swift in Sources */,
				23E25CC52788A03B0082038B /* NewEpisodeViewModel.swift in Sources */,
				2343C00E276A5D7800C3A3EE /* ScriptFormatView.swift in Sources */,
				CDA0430C27629B090020AF33 /* HomeView.swift in Sources */,
				2343C01B276A604C00C3A3EE /* Script+CoreDataProperties.swift in Sources */,
				CDA0431627629B0B0020AF33 /* PodcastApp.xcdatamodeld in Sources */,
				2343C00F276A5D7800C3A3EE /* ScriptInputInfosView.swift in Sources */,
				23D8AC9D27A3225200DF1298 /* ConfigViewModel.swift in Sources */,
				367C7C6627974F2F0003E271 /* ConfigViewNotification.swift in Sources */,
				23208E132797497600C30615 /* Profile+CoreDataClass.swift in Sources */,
				15013D07276D07730020A48F /* EpisodeView.swift in Sources */,
				CD8060802799E941008B3C19 /* StatesOfPodcast.swift in Sources */,
				2350266C2799F7AC00D14BC2 /* Notification+CoreDataClass.swift in Sources */,
				235413DF2790A65000235B7F /* EpisodeViewModel.swift in Sources */,
				CDA0430A27629B090020AF33 /* PodcastApp.swift in Sources */,
				2343C025276CBD5000C3A3EE /* View+CornerRadius.swift in Sources */,
				CD4C613E27861DCC00FF04AC /* Searchbar.swift in Sources */,
				CDB469F62769257900752468 /* ProgressBarView.swift in Sources */,
				CD25E00A276D04F2003012C6 /* NewEpisodeView.swift in Sources */,
				36FCCF2927989B1400AE59FA /* ConfigViewAllNotifications.swift in Sources */,
				23DD3B5C2790B401002241F1 /* ModelableProtocol.swift in Sources */,
			);
			runOnlyForDeploymentPostprocessing = 0;
		};
		CDA0431727629B0B0020AF33 /* Sources */ = {
			isa = PBXSourcesBuildPhase;
			buildActionMask = 2147483647;
			files = (
				CDA0432027629B0B0020AF33 /* PodcastAppCreateTests.swift in Sources */,
				15049B76278F5BB40007934A /* PodcastAppUpdateTests.swift in Sources */,
				15049B74278F5ADA0007934A /* PodcastAppDeleteTests.swift in Sources */,
			);
			runOnlyForDeploymentPostprocessing = 0;
		};
		CDA0432127629B0B0020AF33 /* Sources */ = {
			isa = PBXSourcesBuildPhase;
			buildActionMask = 2147483647;
			files = (
				CDA0432A27629B0B0020AF33 /* PodcastAppUITests.swift in Sources */,
				CDA0432C27629B0B0020AF33 /* PodcastAppUITestsLaunchTests.swift in Sources */,
			);
			runOnlyForDeploymentPostprocessing = 0;
		};
/* End PBXSourcesBuildPhase section */

/* Begin PBXTargetDependency section */
		CDA0431D27629B0B0020AF33 /* PBXTargetDependency */ = {
			isa = PBXTargetDependency;
			target = CDA0430527629B090020AF33 /* PodcastApp */;
			targetProxy = CDA0431C27629B0B0020AF33 /* PBXContainerItemProxy */;
		};
		CDA0432727629B0B0020AF33 /* PBXTargetDependency */ = {
			isa = PBXTargetDependency;
			target = CDA0430527629B090020AF33 /* PodcastApp */;
			targetProxy = CDA0432627629B0B0020AF33 /* PBXContainerItemProxy */;
		};
/* End PBXTargetDependency section */

/* Begin XCBuildConfiguration section */
		CDA0432D27629B0B0020AF33 /* Debug */ = {
			isa = XCBuildConfiguration;
			buildSettings = {
				ALWAYS_SEARCH_USER_PATHS = NO;
				CLANG_ANALYZER_NONNULL = YES;
				CLANG_ANALYZER_NUMBER_OBJECT_CONVERSION = YES_AGGRESSIVE;
				CLANG_CXX_LANGUAGE_STANDARD = "gnu++17";
				CLANG_CXX_LIBRARY = "libc++";
				CLANG_ENABLE_MODULES = YES;
				CLANG_ENABLE_OBJC_ARC = YES;
				CLANG_ENABLE_OBJC_WEAK = YES;
				CLANG_WARN_BLOCK_CAPTURE_AUTORELEASING = YES;
				CLANG_WARN_BOOL_CONVERSION = YES;
				CLANG_WARN_COMMA = YES;
				CLANG_WARN_CONSTANT_CONVERSION = YES;
				CLANG_WARN_DEPRECATED_OBJC_IMPLEMENTATIONS = YES;
				CLANG_WARN_DIRECT_OBJC_ISA_USAGE = YES_ERROR;
				CLANG_WARN_DOCUMENTATION_COMMENTS = YES;
				CLANG_WARN_EMPTY_BODY = YES;
				CLANG_WARN_ENUM_CONVERSION = YES;
				CLANG_WARN_INFINITE_RECURSION = YES;
				CLANG_WARN_INT_CONVERSION = YES;
				CLANG_WARN_NON_LITERAL_NULL_CONVERSION = YES;
				CLANG_WARN_OBJC_IMPLICIT_RETAIN_SELF = YES;
				CLANG_WARN_OBJC_LITERAL_CONVERSION = YES;
				CLANG_WARN_OBJC_ROOT_CLASS = YES_ERROR;
				CLANG_WARN_QUOTED_INCLUDE_IN_FRAMEWORK_HEADER = YES;
				CLANG_WARN_RANGE_LOOP_ANALYSIS = YES;
				CLANG_WARN_STRICT_PROTOTYPES = YES;
				CLANG_WARN_SUSPICIOUS_MOVE = YES;
				CLANG_WARN_UNGUARDED_AVAILABILITY = YES_AGGRESSIVE;
				CLANG_WARN_UNREACHABLE_CODE = YES;
				CLANG_WARN__DUPLICATE_METHOD_MATCH = YES;
				COPY_PHASE_STRIP = NO;
				DEBUG_INFORMATION_FORMAT = dwarf;
				ENABLE_STRICT_OBJC_MSGSEND = YES;
				ENABLE_TESTABILITY = YES;
				GCC_C_LANGUAGE_STANDARD = gnu11;
				GCC_DYNAMIC_NO_PIC = NO;
				GCC_NO_COMMON_BLOCKS = YES;
				GCC_OPTIMIZATION_LEVEL = 0;
				GCC_PREPROCESSOR_DEFINITIONS = (
					"DEBUG=1",
					"$(inherited)",
				);
				GCC_WARN_64_TO_32_BIT_CONVERSION = YES;
				GCC_WARN_ABOUT_RETURN_TYPE = YES_ERROR;
				GCC_WARN_UNDECLARED_SELECTOR = YES;
				GCC_WARN_UNINITIALIZED_AUTOS = YES_AGGRESSIVE;
				GCC_WARN_UNUSED_FUNCTION = YES;
				GCC_WARN_UNUSED_VARIABLE = YES;
				IPHONEOS_DEPLOYMENT_TARGET = 15.0;
				MTL_ENABLE_DEBUG_INFO = INCLUDE_SOURCE;
				MTL_FAST_MATH = YES;
				ONLY_ACTIVE_ARCH = YES;
				SDKROOT = iphoneos;
				SWIFT_ACTIVE_COMPILATION_CONDITIONS = DEBUG;
				SWIFT_OPTIMIZATION_LEVEL = "-Onone";
			};
			name = Debug;
		};
		CDA0432E27629B0B0020AF33 /* Release */ = {
			isa = XCBuildConfiguration;
			buildSettings = {
				ALWAYS_SEARCH_USER_PATHS = NO;
				CLANG_ANALYZER_NONNULL = YES;
				CLANG_ANALYZER_NUMBER_OBJECT_CONVERSION = YES_AGGRESSIVE;
				CLANG_CXX_LANGUAGE_STANDARD = "gnu++17";
				CLANG_CXX_LIBRARY = "libc++";
				CLANG_ENABLE_MODULES = YES;
				CLANG_ENABLE_OBJC_ARC = YES;
				CLANG_ENABLE_OBJC_WEAK = YES;
				CLANG_WARN_BLOCK_CAPTURE_AUTORELEASING = YES;
				CLANG_WARN_BOOL_CONVERSION = YES;
				CLANG_WARN_COMMA = YES;
				CLANG_WARN_CONSTANT_CONVERSION = YES;
				CLANG_WARN_DEPRECATED_OBJC_IMPLEMENTATIONS = YES;
				CLANG_WARN_DIRECT_OBJC_ISA_USAGE = YES_ERROR;
				CLANG_WARN_DOCUMENTATION_COMMENTS = YES;
				CLANG_WARN_EMPTY_BODY = YES;
				CLANG_WARN_ENUM_CONVERSION = YES;
				CLANG_WARN_INFINITE_RECURSION = YES;
				CLANG_WARN_INT_CONVERSION = YES;
				CLANG_WARN_NON_LITERAL_NULL_CONVERSION = YES;
				CLANG_WARN_OBJC_IMPLICIT_RETAIN_SELF = YES;
				CLANG_WARN_OBJC_LITERAL_CONVERSION = YES;
				CLANG_WARN_OBJC_ROOT_CLASS = YES_ERROR;
				CLANG_WARN_QUOTED_INCLUDE_IN_FRAMEWORK_HEADER = YES;
				CLANG_WARN_RANGE_LOOP_ANALYSIS = YES;
				CLANG_WARN_STRICT_PROTOTYPES = YES;
				CLANG_WARN_SUSPICIOUS_MOVE = YES;
				CLANG_WARN_UNGUARDED_AVAILABILITY = YES_AGGRESSIVE;
				CLANG_WARN_UNREACHABLE_CODE = YES;
				CLANG_WARN__DUPLICATE_METHOD_MATCH = YES;
				COPY_PHASE_STRIP = NO;
				DEBUG_INFORMATION_FORMAT = "dwarf-with-dsym";
				ENABLE_NS_ASSERTIONS = NO;
				ENABLE_STRICT_OBJC_MSGSEND = YES;
				GCC_C_LANGUAGE_STANDARD = gnu11;
				GCC_NO_COMMON_BLOCKS = YES;
				GCC_WARN_64_TO_32_BIT_CONVERSION = YES;
				GCC_WARN_ABOUT_RETURN_TYPE = YES_ERROR;
				GCC_WARN_UNDECLARED_SELECTOR = YES;
				GCC_WARN_UNINITIALIZED_AUTOS = YES_AGGRESSIVE;
				GCC_WARN_UNUSED_FUNCTION = YES;
				GCC_WARN_UNUSED_VARIABLE = YES;
				IPHONEOS_DEPLOYMENT_TARGET = 15.0;
				MTL_ENABLE_DEBUG_INFO = NO;
				MTL_FAST_MATH = YES;
				SDKROOT = iphoneos;
				SWIFT_COMPILATION_MODE = wholemodule;
				SWIFT_OPTIMIZATION_LEVEL = "-O";
				VALIDATE_PRODUCT = YES;
			};
			name = Release;
		};
		CDA0433027629B0B0020AF33 /* Debug */ = {
			isa = XCBuildConfiguration;
			buildSettings = {
				ASSETCATALOG_COMPILER_APPICON_NAME = AppIcon;
				ASSETCATALOG_COMPILER_GLOBAL_ACCENT_COLOR_NAME = AccentColor;
				CODE_SIGN_STYLE = Automatic;
				CURRENT_PROJECT_VERSION = 1;
				DEVELOPMENT_ASSET_PATHS = "\"PodcastApp/Preview Content\"";
				DEVELOPMENT_TEAM = 272983AP33;
				ENABLE_PREVIEWS = YES;
				GENERATE_INFOPLIST_FILE = YES;
				INFOPLIST_FILE = PodcastApp/Info.plist;
				INFOPLIST_KEY_UIApplicationSupportsIndirectInputEvents = YES;
				INFOPLIST_KEY_UILaunchScreen_Generation = YES;
				INFOPLIST_KEY_UISupportedInterfaceOrientations = "UIInterfaceOrientationPortrait UIInterfaceOrientationLandscapeLeft UIInterfaceOrientationLandscapeRight";
				INFOPLIST_KEY_UISupportedInterfaceOrientations_iPad = "UIInterfaceOrientationLandscapeLeft UIInterfaceOrientationPortraitUpsideDown UIInterfaceOrientationLandscapeLeft UIInterfaceOrientationLandscapeRight";
				INFOPLIST_KEY_UISupportedInterfaceOrientations_iPhone = UIInterfaceOrientationPortrait;
				INFOPLIST_KEY_UIUserInterfaceStyle = Light;
				LD_RUNPATH_SEARCH_PATHS = (
					"$(inherited)",
					"@executable_path/Frameworks",
				);
				MARKETING_VERSION = 1.0;
				PRODUCT_BUNDLE_IDENTIFIER = com.douglas.podcastapp.PodcastApp;
				PRODUCT_NAME = "$(TARGET_NAME)";
				SWIFT_EMIT_LOC_STRINGS = YES;
				SWIFT_VERSION = 5.0;
				TARGETED_DEVICE_FAMILY = "1,2";
			};
			name = Debug;
		};
		CDA0433127629B0B0020AF33 /* Release */ = {
			isa = XCBuildConfiguration;
			buildSettings = {
				ASSETCATALOG_COMPILER_APPICON_NAME = AppIcon;
				ASSETCATALOG_COMPILER_GLOBAL_ACCENT_COLOR_NAME = AccentColor;
				CODE_SIGN_STYLE = Automatic;
				CURRENT_PROJECT_VERSION = 1;
				DEVELOPMENT_ASSET_PATHS = "\"PodcastApp/Preview Content\"";
				DEVELOPMENT_TEAM = 272983AP33;
				ENABLE_PREVIEWS = YES;
				GENERATE_INFOPLIST_FILE = YES;
				INFOPLIST_FILE = PodcastApp/Info.plist;
				INFOPLIST_KEY_UIApplicationSupportsIndirectInputEvents = YES;
				INFOPLIST_KEY_UILaunchScreen_Generation = YES;
				INFOPLIST_KEY_UISupportedInterfaceOrientations = "UIInterfaceOrientationPortrait UIInterfaceOrientationLandscapeLeft UIInterfaceOrientationLandscapeRight";
				INFOPLIST_KEY_UISupportedInterfaceOrientations_iPad = "UIInterfaceOrientationLandscapeLeft UIInterfaceOrientationPortraitUpsideDown UIInterfaceOrientationLandscapeLeft UIInterfaceOrientationLandscapeRight";
				INFOPLIST_KEY_UISupportedInterfaceOrientations_iPhone = UIInterfaceOrientationPortrait;
				INFOPLIST_KEY_UIUserInterfaceStyle = Light;
				LD_RUNPATH_SEARCH_PATHS = (
					"$(inherited)",
					"@executable_path/Frameworks",
				);
				MARKETING_VERSION = 1.0;
				PRODUCT_BUNDLE_IDENTIFIER = com.douglas.podcastapp.PodcastApp;
				PRODUCT_NAME = "$(TARGET_NAME)";
				SWIFT_EMIT_LOC_STRINGS = YES;
				SWIFT_VERSION = 5.0;
				TARGETED_DEVICE_FAMILY = "1,2";
			};
			name = Release;
		};
		CDA0433327629B0B0020AF33 /* Debug */ = {
			isa = XCBuildConfiguration;
			buildSettings = {
				ALWAYS_EMBED_SWIFT_STANDARD_LIBRARIES = YES;
				BUNDLE_LOADER = "$(TEST_HOST)";
				CODE_SIGN_STYLE = Automatic;
				CURRENT_PROJECT_VERSION = 1;
				DEVELOPMENT_TEAM = MGFPJ5C76T;
				GENERATE_INFOPLIST_FILE = YES;
				IPHONEOS_DEPLOYMENT_TARGET = 15.0;
				LD_RUNPATH_SEARCH_PATHS = (
					"$(inherited)",
					"@executable_path/Frameworks",
					"@loader_path/Frameworks",
				);
				MARKETING_VERSION = 1.0;
				PRODUCT_BUNDLE_IDENTIFIER = com.victorbrito.podcastapp.PodcastAppTests;
				PRODUCT_NAME = "$(TARGET_NAME)";
				SWIFT_EMIT_LOC_STRINGS = NO;
				SWIFT_VERSION = 5.0;
				TARGETED_DEVICE_FAMILY = "1,2";
				TEST_HOST = "$(BUILT_PRODUCTS_DIR)/PodcastApp.app/PodcastApp";
			};
			name = Debug;
		};
		CDA0433427629B0B0020AF33 /* Release */ = {
			isa = XCBuildConfiguration;
			buildSettings = {
				ALWAYS_EMBED_SWIFT_STANDARD_LIBRARIES = YES;
				BUNDLE_LOADER = "$(TEST_HOST)";
				CODE_SIGN_STYLE = Automatic;
				CURRENT_PROJECT_VERSION = 1;
				DEVELOPMENT_TEAM = MGFPJ5C76T;
				GENERATE_INFOPLIST_FILE = YES;
				IPHONEOS_DEPLOYMENT_TARGET = 15.0;
				LD_RUNPATH_SEARCH_PATHS = (
					"$(inherited)",
					"@executable_path/Frameworks",
					"@loader_path/Frameworks",
				);
				MARKETING_VERSION = 1.0;
				PRODUCT_BUNDLE_IDENTIFIER = com.victorbrito.podcastapp.PodcastAppTests;
				PRODUCT_NAME = "$(TARGET_NAME)";
				SWIFT_EMIT_LOC_STRINGS = NO;
				SWIFT_VERSION = 5.0;
				TARGETED_DEVICE_FAMILY = "1,2";
				TEST_HOST = "$(BUILT_PRODUCTS_DIR)/PodcastApp.app/PodcastApp";
			};
			name = Release;
		};
		CDA0433627629B0B0020AF33 /* Debug */ = {
			isa = XCBuildConfiguration;
			buildSettings = {
				ALWAYS_EMBED_SWIFT_STANDARD_LIBRARIES = YES;
				CODE_SIGN_STYLE = Automatic;
				CURRENT_PROJECT_VERSION = 1;
				DEVELOPMENT_TEAM = MGFPJ5C76T;
				GENERATE_INFOPLIST_FILE = YES;
				LD_RUNPATH_SEARCH_PATHS = (
					"$(inherited)",
					"@executable_path/Frameworks",
					"@loader_path/Frameworks",
				);
				MARKETING_VERSION = 1.0;
				PRODUCT_BUNDLE_IDENTIFIER = com.victorbrito.podcastapp.PodcastAppUITests;
				PRODUCT_NAME = "$(TARGET_NAME)";
				SWIFT_EMIT_LOC_STRINGS = NO;
				SWIFT_VERSION = 5.0;
				TARGETED_DEVICE_FAMILY = "1,2";
				TEST_TARGET_NAME = PodcastApp;
			};
			name = Debug;
		};
		CDA0433727629B0B0020AF33 /* Release */ = {
			isa = XCBuildConfiguration;
			buildSettings = {
				ALWAYS_EMBED_SWIFT_STANDARD_LIBRARIES = YES;
				CODE_SIGN_STYLE = Automatic;
				CURRENT_PROJECT_VERSION = 1;
				DEVELOPMENT_TEAM = MGFPJ5C76T;
				GENERATE_INFOPLIST_FILE = YES;
				LD_RUNPATH_SEARCH_PATHS = (
					"$(inherited)",
					"@executable_path/Frameworks",
					"@loader_path/Frameworks",
				);
				MARKETING_VERSION = 1.0;
				PRODUCT_BUNDLE_IDENTIFIER = com.victorbrito.podcastapp.PodcastAppUITests;
				PRODUCT_NAME = "$(TARGET_NAME)";
				SWIFT_EMIT_LOC_STRINGS = NO;
				SWIFT_VERSION = 5.0;
				TARGETED_DEVICE_FAMILY = "1,2";
				TEST_TARGET_NAME = PodcastApp;
			};
			name = Release;
		};
/* End XCBuildConfiguration section */

/* Begin XCConfigurationList section */
		CDA0430127629B090020AF33 /* Build configuration list for PBXProject "PodcastApp" */ = {
			isa = XCConfigurationList;
			buildConfigurations = (
				CDA0432D27629B0B0020AF33 /* Debug */,
				CDA0432E27629B0B0020AF33 /* Release */,
			);
			defaultConfigurationIsVisible = 0;
			defaultConfigurationName = Release;
		};
		CDA0432F27629B0B0020AF33 /* Build configuration list for PBXNativeTarget "PodcastApp" */ = {
			isa = XCConfigurationList;
			buildConfigurations = (
				CDA0433027629B0B0020AF33 /* Debug */,
				CDA0433127629B0B0020AF33 /* Release */,
			);
			defaultConfigurationIsVisible = 0;
			defaultConfigurationName = Release;
		};
		CDA0433227629B0B0020AF33 /* Build configuration list for PBXNativeTarget "PodcastAppTests" */ = {
			isa = XCConfigurationList;
			buildConfigurations = (
				CDA0433327629B0B0020AF33 /* Debug */,
				CDA0433427629B0B0020AF33 /* Release */,
			);
			defaultConfigurationIsVisible = 0;
			defaultConfigurationName = Release;
		};
		CDA0433527629B0B0020AF33 /* Build configuration list for PBXNativeTarget "PodcastAppUITests" */ = {
			isa = XCConfigurationList;
			buildConfigurations = (
				CDA0433627629B0B0020AF33 /* Debug */,
				CDA0433727629B0B0020AF33 /* Release */,
			);
			defaultConfigurationIsVisible = 0;
			defaultConfigurationName = Release;
		};
/* End XCConfigurationList section */

/* Begin XCVersionGroup section */
		CDA0431427629B0B0020AF33 /* PodcastApp.xcdatamodeld */ = {
			isa = XCVersionGroup;
			children = (
				CDA0431527629B0B0020AF33 /* PodcastApp.xcdatamodel */,
			);
			currentVersion = CDA0431527629B0B0020AF33 /* PodcastApp.xcdatamodel */;
			path = PodcastApp.xcdatamodeld;
			sourceTree = "<group>";
			versionGroupType = wrapper.xcdatamodel;
		};
/* End XCVersionGroup section */
	};
	rootObject = CDA042FE27629B090020AF33 /* Project object */;
}
